// !$*UTF8*$!
{
	archiveVersion = 1;
	classes = {
	};
	objectVersion = 50;
	objects = {

/* Begin PBXBuildFile section */
		133BBD27239D2E66008F6818 /* Buttons.swift in Sources */ = {isa = PBXBuildFile; fileRef = 133BBD26239D2E66008F6818 /* Buttons.swift */; };
		13E0B1AA239BD70F00B1C3C7 /* AppDelegate.swift in Sources */ = {isa = PBXBuildFile; fileRef = 13E0B1A9239BD70F00B1C3C7 /* AppDelegate.swift */; };
		13E0B1AC239BD70F00B1C3C7 /* SceneDelegate.swift in Sources */ = {isa = PBXBuildFile; fileRef = 13E0B1AB239BD70F00B1C3C7 /* SceneDelegate.swift */; };
		13E0B1AE239BD70F00B1C3C7 /* ViewController.swift in Sources */ = {isa = PBXBuildFile; fileRef = 13E0B1AD239BD70F00B1C3C7 /* ViewController.swift */; };
		13E0B1B1239BD70F00B1C3C7 /* Main.storyboard in Resources */ = {isa = PBXBuildFile; fileRef = 13E0B1AF239BD70F00B1C3C7 /* Main.storyboard */; };
		13E0B1B3239BD71000B1C3C7 /* Assets.xcassets in Resources */ = {isa = PBXBuildFile; fileRef = 13E0B1B2239BD71000B1C3C7 /* Assets.xcassets */; };
		13E0B1B6239BD71000B1C3C7 /* LaunchScreen.storyboard in Resources */ = {isa = PBXBuildFile; fileRef = 13E0B1B4239BD71000B1C3C7 /* LaunchScreen.storyboard */; };
		13E0B1C1239BD9AB00B1C3C7 /* Trips.swift in Sources */ = {isa = PBXBuildFile; fileRef = 13E0B1C0239BD9AB00B1C3C7 /* Trips.swift */; };
		13E0B1C3239BDDF800B1C3C7 /* CustomView.swift in Sources */ = {isa = PBXBuildFile; fileRef = 13E0B1C2239BDDF800B1C3C7 /* CustomView.swift */; };
		13E0B1CA239C42D000B1C3C7 /* Quicksand-Medium.ttf in Resources */ = {isa = PBXBuildFile; fileRef = 13E0B1C8239C42D000B1C3C7 /* Quicksand-Medium.ttf */; };
		13E0B1CB239C42D000B1C3C7 /* Quicksand-Bold.ttf in Resources */ = {isa = PBXBuildFile; fileRef = 13E0B1C9239C42D000B1C3C7 /* Quicksand-Bold.ttf */; };
		13E0B1CD239C42F100B1C3C7 /* Quattrocento-Bold.ttf in Resources */ = {isa = PBXBuildFile; fileRef = 13E0B1CC239C42F100B1C3C7 /* Quattrocento-Bold.ttf */; };
/* End PBXBuildFile section */

/* Begin PBXFileReference section */
		133BBD26239D2E66008F6818 /* Buttons.swift */ = {isa = PBXFileReference; lastKnownFileType = sourcecode.swift; path = Buttons.swift; sourceTree = "<group>"; };
		13E0B1A6239BD70F00B1C3C7 /* CoTraveller-App.app */ = {isa = PBXFileReference; explicitFileType = wrapper.application; includeInIndex = 0; path = "CoTraveller-App.app"; sourceTree = BUILT_PRODUCTS_DIR; };
		13E0B1A9239BD70F00B1C3C7 /* AppDelegate.swift */ = {isa = PBXFileReference; lastKnownFileType = sourcecode.swift; path = AppDelegate.swift; sourceTree = "<group>"; };
		13E0B1AB239BD70F00B1C3C7 /* SceneDelegate.swift */ = {isa = PBXFileReference; lastKnownFileType = sourcecode.swift; path = SceneDelegate.swift; sourceTree = "<group>"; };
		13E0B1AD239BD70F00B1C3C7 /* ViewController.swift */ = {isa = PBXFileReference; lastKnownFileType = sourcecode.swift; path = ViewController.swift; sourceTree = "<group>"; };
		13E0B1B0239BD70F00B1C3C7 /* Base */ = {isa = PBXFileReference; lastKnownFileType = file.storyboard; name = Base; path = Base.lproj/Main.storyboard; sourceTree = "<group>"; };
		13E0B1B2239BD71000B1C3C7 /* Assets.xcassets */ = {isa = PBXFileReference; lastKnownFileType = folder.assetcatalog; path = Assets.xcassets; sourceTree = "<group>"; };
		13E0B1B5239BD71000B1C3C7 /* Base */ = {isa = PBXFileReference; lastKnownFileType = file.storyboard; name = Base; path = Base.lproj/LaunchScreen.storyboard; sourceTree = "<group>"; };
		13E0B1B7239BD71000B1C3C7 /* Info.plist */ = {isa = PBXFileReference; lastKnownFileType = text.plist.xml; path = Info.plist; sourceTree = "<group>"; };
		13E0B1C0239BD9AB00B1C3C7 /* Trips.swift */ = {isa = PBXFileReference; lastKnownFileType = sourcecode.swift; path = Trips.swift; sourceTree = "<group>"; };
		13E0B1C2239BDDF800B1C3C7 /* CustomView.swift */ = {isa = PBXFileReference; lastKnownFileType = sourcecode.swift; path = CustomView.swift; sourceTree = "<group>"; };
		13E0B1C8239C42D000B1C3C7 /* Quicksand-Medium.ttf */ = {isa = PBXFileReference; lastKnownFileType = file; path = "Quicksand-Medium.ttf"; sourceTree = "<group>"; };
		13E0B1C9239C42D000B1C3C7 /* Quicksand-Bold.ttf */ = {isa = PBXFileReference; lastKnownFileType = file; path = "Quicksand-Bold.ttf"; sourceTree = "<group>"; };
		13E0B1CC239C42F100B1C3C7 /* Quattrocento-Bold.ttf */ = {isa = PBXFileReference; lastKnownFileType = file; path = "Quattrocento-Bold.ttf"; sourceTree = "<group>"; };
/* End PBXFileReference section */

/* Begin PBXFrameworksBuildPhase section */
		13E0B1A3239BD70F00B1C3C7 /* Frameworks */ = {
			isa = PBXFrameworksBuildPhase;
			buildActionMask = 2147483647;
			files = (
			);
			runOnlyForDeploymentPostprocessing = 0;
		};
/* End PBXFrameworksBuildPhase section */

/* Begin PBXGroup section */
		13E0B19D239BD70F00B1C3C7 = {
			isa = PBXGroup;
			children = (
				13E0B1A8239BD70F00B1C3C7 /* CoTraveller-App */,
				13E0B1A7239BD70F00B1C3C7 /* Products */,
			);
			sourceTree = "<group>";
		};
		13E0B1A7239BD70F00B1C3C7 /* Products */ = {
			isa = PBXGroup;
			children = (
				13E0B1A6239BD70F00B1C3C7 /* CoTraveller-App.app */,
			);
			name = Products;
			sourceTree = "<group>";
		};
		13E0B1A8239BD70F00B1C3C7 /* CoTraveller-App */ = {
			isa = PBXGroup;
			children = (
				13E0B1BF239BD83A00B1C3C7 /* Model */,
				13E0B1BE239BD83500B1C3C7 /* View */,
				13E0B1BD239BD82B00B1C3C7 /* Controller */,
				13E0B1A9239BD70F00B1C3C7 /* AppDelegate.swift */,
				13E0B1AB239BD70F00B1C3C7 /* SceneDelegate.swift */,
				13E0B1AF239BD70F00B1C3C7 /* Main.storyboard */,
				13E0B1B2239BD71000B1C3C7 /* Assets.xcassets */,
				13E0B1B4239BD71000B1C3C7 /* LaunchScreen.storyboard */,
				13E0B1B7239BD71000B1C3C7 /* Info.plist */,
				13E0B1C7239C429E00B1C3C7 /* Resources */,
			);
			path = "CoTraveller-App";
			sourceTree = "<group>";
		};
		13E0B1BD239BD82B00B1C3C7 /* Controller */ = {
			isa = PBXGroup;
			children = (
				13E0B1AD239BD70F00B1C3C7 /* ViewController.swift */,
			);
			path = Controller;
			sourceTree = "<group>";
		};
		13E0B1BE239BD83500B1C3C7 /* View */ = {
			isa = PBXGroup;
			children = (
				133BBD26239D2E66008F6818 /* Buttons.swift */,
				13E0B1C2239BDDF800B1C3C7 /* CustomView.swift */,
			);
			path = View;
			sourceTree = "<group>";
		};
		13E0B1BF239BD83A00B1C3C7 /* Model */ = {
			isa = PBXGroup;
			children = (
				13E0B1C0239BD9AB00B1C3C7 /* Trips.swift */,
			);
			path = Model;
			sourceTree = "<group>";
		};
		13E0B1C7239C429E00B1C3C7 /* Resources */ = {
			isa = PBXGroup;
			children = (
				13E0B1CC239C42F100B1C3C7 /* Quattrocento-Bold.ttf */,
				13E0B1C9239C42D000B1C3C7 /* Quicksand-Bold.ttf */,
				13E0B1C8239C42D000B1C3C7 /* Quicksand-Medium.ttf */,
			);
			path = Resources;
			sourceTree = "<group>";
		};
/* End PBXGroup section */

/* Begin PBXNativeTarget section */
		13E0B1A5239BD70F00B1C3C7 /* CoTraveller-App */ = {
			isa = PBXNativeTarget;
			buildConfigurationList = 13E0B1BA239BD71000B1C3C7 /* Build configuration list for PBXNativeTarget "CoTraveller-App" */;
			buildPhases = (
				13E0B1A2239BD70F00B1C3C7 /* Sources */,
				13E0B1A3239BD70F00B1C3C7 /* Frameworks */,
				13E0B1A4239BD70F00B1C3C7 /* Resources */,
			);
			buildRules = (
			);
			dependencies = (
			);
			name = "CoTraveller-App";
			productName = "CoTraveller-App";
			productReference = 13E0B1A6239BD70F00B1C3C7 /* CoTraveller-App.app */;
			productType = "com.apple.product-type.application";
		};
/* End PBXNativeTarget section */

/* Begin PBXProject section */
		13E0B19E239BD70F00B1C3C7 /* Project object */ = {
			isa = PBXProject;
			attributes = {
				LastSwiftUpdateCheck = 1120;
				LastUpgradeCheck = 1120;
				ORGANIZATIONNAME = "d.DOBS Creative Ltd";
				TargetAttributes = {
					13E0B1A5239BD70F00B1C3C7 = {
						CreatedOnToolsVersion = 11.2.1;
					};
				};
			};
			buildConfigurationList = 13E0B1A1239BD70F00B1C3C7 /* Build configuration list for PBXProject "CoTraveller-App" */;
			compatibilityVersion = "Xcode 9.3";
			developmentRegion = en;
			hasScannedForEncodings = 0;
			knownRegions = (
				en,
				Base,
			);
			mainGroup = 13E0B19D239BD70F00B1C3C7;
			productRefGroup = 13E0B1A7239BD70F00B1C3C7 /* Products */;
			projectDirPath = "";
			projectRoot = "";
			targets = (
				13E0B1A5239BD70F00B1C3C7 /* CoTraveller-App */,
			);
		};
/* End PBXProject section */

/* Begin PBXResourcesBuildPhase section */
		13E0B1A4239BD70F00B1C3C7 /* Resources */ = {
			isa = PBXResourcesBuildPhase;
			buildActionMask = 2147483647;
			files = (
				13E0B1B6239BD71000B1C3C7 /* LaunchScreen.storyboard in Resources */,
				13E0B1CA239C42D000B1C3C7 /* Quicksand-Medium.ttf in Resources */,
				13E0B1CD239C42F100B1C3C7 /* Quattrocento-Bold.ttf in Resources */,
				13E0B1B3239BD71000B1C3C7 /* Assets.xcassets in Resources */,
				13E0B1B1239BD70F00B1C3C7 /* Main.storyboard in Resources */,
				13E0B1CB239C42D000B1C3C7 /* Quicksand-Bold.ttf in Resources */,
			);
			runOnlyForDeploymentPostprocessing = 0;
		};
/* End PBXResourcesBuildPhase section */

/* Begin PBXSourcesBuildPhase section */
		13E0B1A2239BD70F00B1C3C7 /* Sources */ = {
			isa = PBXSourcesBuildPhase;
			buildActionMask = 2147483647;
			files = (
				13E0B1C1239BD9AB00B1C3C7 /* Trips.swift in Sources */,
				13E0B1AE239BD70F00B1C3C7 /* ViewController.swift in Sources */,
				13E0B1AA239BD70F00B1C3C7 /* AppDelegate.swift in Sources */,
				133BBD27239D2E66008F6818 /* Buttons.swift in Sources */,
				13E0B1C3239BDDF800B1C3C7 /* CustomView.swift in Sources */,
				13E0B1AC239BD70F00B1C3C7 /* SceneDelegate.swift in Sources */,
			);
			runOnlyForDeploymentPostprocessing = 0;
		};
/* End PBXSourcesBuildPhase section */

/* Begin PBXVariantGroup section */
		13E0B1AF239BD70F00B1C3C7 /* Main.storyboard */ = {
			isa = PBXVariantGroup;
			children = (
				13E0B1B0239BD70F00B1C3C7 /* Base */,
			);
			name = Main.storyboard;
			sourceTree = "<group>";
		};
		13E0B1B4239BD71000B1C3C7 /* LaunchScreen.storyboard */ = {
			isa = PBXVariantGroup;
			children = (
				13E0B1B5239BD71000B1C3C7 /* Base */,
			);
			name = LaunchScreen.storyboard;
			sourceTree = "<group>";
		};
/* End PBXVariantGroup section */

/* Begin XCBuildConfiguration section */
		13E0B1B8239BD71000B1C3C7 /* Debug */ = {
			isa = XCBuildConfiguration;
			buildSettings = {
				ALWAYS_SEARCH_USER_PATHS = NO;
				CLANG_ANALYZER_NONNULL = YES;
				CLANG_ANALYZER_NUMBER_OBJECT_CONVERSION = YES_AGGRESSIVE;
				CLANG_CXX_LANGUAGE_STANDARD = "gnu++14";
				CLANG_CXX_LIBRARY = "libc++";
				CLANG_ENABLE_MODULES = YES;
				CLANG_ENABLE_OBJC_ARC = YES;
				CLANG_ENABLE_OBJC_WEAK = YES;
				CLANG_WARN_BLOCK_CAPTURE_AUTORELEASING = YES;
				CLANG_WARN_BOOL_CONVERSION = YES;
				CLANG_WARN_COMMA = YES;
				CLANG_WARN_CONSTANT_CONVERSION = YES;
				CLANG_WARN_DEPRECATED_OBJC_IMPLEMENTATIONS = YES;
				CLANG_WARN_DIRECT_OBJC_ISA_USAGE = YES_ERROR;
				CLANG_WARN_DOCUMENTATION_COMMENTS = YES;
				CLANG_WARN_EMPTY_BODY = YES;
				CLANG_WARN_ENUM_CONVERSION = YES;
				CLANG_WARN_INFINITE_RECURSION = YES;
				CLANG_WARN_INT_CONVERSION = YES;
				CLANG_WARN_NON_LITERAL_NULL_CONVERSION = YES;
				CLANG_WARN_OBJC_IMPLICIT_RETAIN_SELF = YES;
				CLANG_WARN_OBJC_LITERAL_CONVERSION = YES;
				CLANG_WARN_OBJC_ROOT_CLASS = YES_ERROR;
				CLANG_WARN_RANGE_LOOP_ANALYSIS = YES;
				CLANG_WARN_STRICT_PROTOTYPES = YES;
				CLANG_WARN_SUSPICIOUS_MOVE = YES;
				CLANG_WARN_UNGUARDED_AVAILABILITY = YES_AGGRESSIVE;
				CLANG_WARN_UNREACHABLE_CODE = YES;
				CLANG_WARN__DUPLICATE_METHOD_MATCH = YES;
				COPY_PHASE_STRIP = NO;
				DEBUG_INFORMATION_FORMAT = dwarf;
				ENABLE_STRICT_OBJC_MSGSEND = YES;
				ENABLE_TESTABILITY = YES;
				GCC_C_LANGUAGE_STANDARD = gnu11;
				GCC_DYNAMIC_NO_PIC = NO;
				GCC_NO_COMMON_BLOCKS = YES;
				GCC_OPTIMIZATION_LEVEL = 0;
				GCC_PREPROCESSOR_DEFINITIONS = (
					"DEBUG=1",
					"$(inherited)",
				);
				GCC_WARN_64_TO_32_BIT_CONVERSION = YES;
				GCC_WARN_ABOUT_RETURN_TYPE = YES_ERROR;
				GCC_WARN_UNDECLARED_SELECTOR = YES;
				GCC_WARN_UNINITIALIZED_AUTOS = YES_AGGRESSIVE;
				GCC_WARN_UNUSED_FUNCTION = YES;
				GCC_WARN_UNUSED_VARIABLE = YES;
				IPHONEOS_DEPLOYMENT_TARGET = 13.2;
				MTL_ENABLE_DEBUG_INFO = INCLUDE_SOURCE;
				MTL_FAST_MATH = YES;
				ONLY_ACTIVE_ARCH = YES;
				SDKROOT = iphoneos;
				SWIFT_ACTIVE_COMPILATION_CONDITIONS = DEBUG;
				SWIFT_OPTIMIZATION_LEVEL = "-Onone";
			};
			name = Debug;
		};
		13E0B1B9239BD71000B1C3C7 /* Release */ = {
			isa = XCBuildConfiguration;
			buildSettings = {
				ALWAYS_SEARCH_USER_PATHS = NO;
				CLANG_ANALYZER_NONNULL = YES;
				CLANG_ANALYZER_NUMBER_OBJECT_CONVERSION = YES_AGGRESSIVE;
				CLANG_CXX_LANGUAGE_STANDARD = "gnu++14";
				CLANG_CXX_LIBRARY = "libc++";
				CLANG_ENABLE_MODULES = YES;
				CLANG_ENABLE_OBJC_ARC = YES;
				CLANG_ENABLE_OBJC_WEAK = YES;
				CLANG_WARN_BLOCK_CAPTURE_AUTORELEASING = YES;
				CLANG_WARN_BOOL_CONVERSION = YES;
				CLANG_WARN_COMMA = YES;
				CLANG_WARN_CONSTANT_CONVERSION = YES;
				CLANG_WARN_DEPRECATED_OBJC_IMPLEMENTATIONS = YES;
				CLANG_WARN_DIRECT_OBJC_ISA_USAGE = YES_ERROR;
				CLANG_WARN_DOCUMENTATION_COMMENTS = YES;
				CLANG_WARN_EMPTY_BODY = YES;
				CLANG_WARN_ENUM_CONVERSION = YES;
				CLANG_WARN_INFINITE_RECURSION = YES;
				CLANG_WARN_INT_CONVERSION = YES;
				CLANG_WARN_NON_LITERAL_NULL_CONVERSION = YES;
				CLANG_WARN_OBJC_IMPLICIT_RETAIN_SELF = YES;
				CLANG_WARN_OBJC_LITERAL_CONVERSION = YES;
				CLANG_WARN_OBJC_ROOT_CLASS = YES_ERROR;
				CLANG_WARN_RANGE_LOOP_ANALYSIS = YES;
				CLANG_WARN_STRICT_PROTOTYPES = YES;
				CLANG_WARN_SUSPICIOUS_MOVE = YES;
				CLANG_WARN_UNGUARDED_AVAILABILITY = YES_AGGRESSIVE;
				CLANG_WARN_UNREACHABLE_CODE = YES;
				CLANG_WARN__DUPLICATE_METHOD_MATCH = YES;
				COPY_PHASE_STRIP = NO;
				DEBUG_INFORMATION_FORMAT = "dwarf-with-dsym";
				ENABLE_NS_ASSERTIONS = NO;
				ENABLE_STRICT_OBJC_MSGSEND = YES;
				GCC_C_LANGUAGE_STANDARD = gnu11;
				GCC_NO_COMMON_BLOCKS = YES;
				GCC_WARN_64_TO_32_BIT_CONVERSION = YES;
				GCC_WARN_ABOUT_RETURN_TYPE = YES_ERROR;
				GCC_WARN_UNDECLARED_SELECTOR = YES;
				GCC_WARN_UNINITIALIZED_AUTOS = YES_AGGRESSIVE;
				GCC_WARN_UNUSED_FUNCTION = YES;
				GCC_WARN_UNUSED_VARIABLE = YES;
				IPHONEOS_DEPLOYMENT_TARGET = 13.2;
				MTL_ENABLE_DEBUG_INFO = NO;
				MTL_FAST_MATH = YES;
				SDKROOT = iphoneos;
				SWIFT_COMPILATION_MODE = wholemodule;
				SWIFT_OPTIMIZATION_LEVEL = "-O";
				VALIDATE_PRODUCT = YES;
			};
			name = Release;
		};
		13E0B1BB239BD71000B1C3C7 /* Debug */ = {
			isa = XCBuildConfiguration;
			buildSettings = {
				ASSETCATALOG_COMPILER_APPICON_NAME = AppIcon;
				CODE_SIGN_STYLE = Automatic;
				DEVELOPMENT_TEAM = MY8M68AY63;
				INFOPLIST_FILE = "CoTraveller-App/Info.plist";
				LD_RUNPATH_SEARCH_PATHS = (
					"$(inherited)",
					"@executable_path/Frameworks",
				);
				PRODUCT_BUNDLE_IDENTIFIER = "DDOBS.CoTraveller-App";
				PRODUCT_NAME = "$(TARGET_NAME)";
				SWIFT_VERSION = 5.0;
				TARGETED_DEVICE_FAMILY = 1;
			};
			name = Debug;
		};
		13E0B1BC239BD71000B1C3C7 /* Release */ = {
			isa = XCBuildConfiguration;
			buildSettings = {
				ASSETCATALOG_COMPILER_APPICON_NAME = AppIcon;
				CODE_SIGN_STYLE = Automatic;
				DEVELOPMENT_TEAM = MY8M68AY63;
				INFOPLIST_FILE = "CoTraveller-App/Info.plist";
				LD_RUNPATH_SEARCH_PATHS = (
					"$(inherited)",
					"@executable_path/Frameworks",
				);
				PRODUCT_BUNDLE_IDENTIFIER = "DDOBS.CoTraveller-App";
				PRODUCT_NAME = "$(TARGET_NAME)";
				SWIFT_VERSION = 5.0;
				TARGETED_DEVICE_FAMILY = 1;
			};
			name = Release;
		};
/* End XCBuildConfiguration section */

/* Begin XCConfigurationList section */
		13E0B1A1239BD70F00B1C3C7 /* Build configuration list for PBXProject "CoTraveller-App" */ = {
			isa = XCConfigurationList;
			buildConfigurations = (
				13E0B1B8239BD71000B1C3C7 /* Debug */,
				13E0B1B9239BD71000B1C3C7 /* Release */,
			);
			defaultConfigurationIsVisible = 0;
			defaultConfigurationName = Release;
		};
		13E0B1BA239BD71000B1C3C7 /* Build configuration list for PBXNativeTarget "CoTraveller-App" */ = {
			isa = XCConfigurationList;
			buildConfigurations = (
				13E0B1BB239BD71000B1C3C7 /* Debug */,
				13E0B1BC239BD71000B1C3C7 /* Release */,
			);
			defaultConfigurationIsVisible = 0;
			defaultConfigurationName = Release;
		};
/* End XCConfigurationList section */
	};
	rootObject = 13E0B19E239BD70F00B1C3C7 /* Project object */;
}
